{
  "name": "nodejs-libs",
  "version": "0.0.1",
  "lockfileVersion": 1,
  "requires": true,
  "dependencies": {
    "chakl": {
      "version": "0.0.1-security",
      "resolved": "https://registry.npmjs.org/chakl/-/chakl-0.0.1-security.tgz",
      "integrity": "sha512-ubU9mXGsljYfFSX9LVWr55ifAu4c2n7NqE9tFOfRb7H/uu56qViepgcHmi/qM6FguhyXjk/ZEMRJWLcAdRKH8g==",
      "dev": true
    }
  }
}
